
Microsoft Visual Studio Solution File, Format Version 12.00
# Visual Studio Version 17
VisualStudioVersion = 17.13.35825.156 d17.13
MinimumVisualStudioVersion = 10.0.40219.1
Project("{FAE04EC0-301F-11D3-BF4B-00C04F79EFBC}") = "DelicateEvent", "DelicateEvent\DelicateEvent.csproj", "{FFE0805F-791B-4743-8167-744805C4CDDC}"
EndProject
Global
	GlobalSection(SolutionConfigurationPlatforms) = preSolution
		Debug|Any CPU = Debug|Any CPU
		Release|Any CPU = Release|Any CPU
	EndGlobalSection
	GlobalSection(ProjectConfigurationPlatforms) = postSolution
		{FFE0805F-791B-4743-8167-744805C4CDDC}.Debug|Any CPU.ActiveCfg = Debug|Any CPU
		{FFE0805F-791B-4743-8167-744805C4CDDC}.Debug|Any CPU.Build.0 = Debug|Any CPU
		{FFE0805F-791B-4743-8167-744805C4CDDC}.Release|Any CPU.ActiveCfg = Release|Any CPU
		{FFE0805F-791B-4743-8167-744805C4CDDC}.Release|Any CPU.Build.0 = Release|Any CPU
	EndGlobalSection
	GlobalSection(SolutionProperties) = preSolution
		HideSolutionNode = FALSE
	EndGlobalSection
	GlobalSection(ExtensibilityGlobals) = postSolution
		SolutionGuid = {4BB47E15-0741-4CD8-B87F-5B2D9F91759A}
	EndGlobalSection
EndGlobal
