
Microsoft Visual Studio Solution File, Format Version 12.00
# Visual Studio Version 17
VisualStudioVersion = 17.12.35527.113 d17.12
MinimumVisualStudioVersion = 10.0.40219.1
Project("{FAE04EC0-301F-11D3-BF4B-00C04F79EFBC}") = "ConsoleApp1", "ConsoleApp1\ConsoleApp1.csproj", "{DF36245B-5310-4701-8B37-08D6DC1C51BF}"
EndProject
Global
	GlobalSection(SolutionConfigurationPlatforms) = preSolution
		Debug|Any CPU = Debug|Any CPU
		Release|Any CPU = Release|Any CPU
	EndGlobalSection
	GlobalSection(ProjectConfigurationPlatforms) = postSolution
		{DF36245B-5310-4701-8B37-08D6DC1C51BF}.Debug|Any CPU.ActiveCfg = Debug|Any CPU
		{DF36245B-5310-4701-8B37-08D6DC1C51BF}.Debug|Any CPU.Build.0 = Debug|Any CPU
		{DF36245B-5310-4701-8B37-08D6DC1C51BF}.Release|Any CPU.ActiveCfg = Release|Any CPU
		{DF36245B-5310-4701-8B37-08D6DC1C51BF}.Release|Any CPU.Build.0 = Release|Any CPU
	EndGlobalSection
	GlobalSection(SolutionProperties) = preSolution
		HideSolutionNode = FALSE
	EndGlobalSection
EndGlobal
