
Microsoft Visual Studio Solution File, Format Version 12.00
# Visual Studio Version 17
VisualStudioVersion = 17.13.35825.156 d17.13
MinimumVisualStudioVersion = 10.0.40219.1
Project("{FAE04EC0-301F-11D3-BF4B-00C04F79EFBC}") = "study38", "study38\study38.csproj", "{1246B4C3-2A07-46F4-9387-334B516F18CA}"
EndProject
Global
	GlobalSection(SolutionConfigurationPlatforms) = preSolution
		Debug|Any CPU = Debug|Any CPU
		Release|Any CPU = Release|Any CPU
	EndGlobalSection
	GlobalSection(ProjectConfigurationPlatforms) = postSolution
		{1246B4C3-2A07-46F4-9387-334B516F18CA}.Debug|Any CPU.ActiveCfg = Debug|Any CPU
		{1246B4C3-2A07-46F4-9387-334B516F18CA}.Debug|Any CPU.Build.0 = Debug|Any CPU
		{1246B4C3-2A07-46F4-9387-334B516F18CA}.Release|Any CPU.ActiveCfg = Release|Any CPU
		{1246B4C3-2A07-46F4-9387-334B516F18CA}.Release|Any CPU.Build.0 = Release|Any CPU
	EndGlobalSection
	GlobalSection(SolutionProperties) = preSolution
		HideSolutionNode = FALSE
	EndGlobalSection
	GlobalSection(ExtensibilityGlobals) = postSolution
		SolutionGuid = {8C3761C6-0582-4DFA-B4B2-6805A4329001}
	EndGlobalSection
EndGlobal
