
Microsoft Visual Studio Solution File, Format Version 12.00
# Visual Studio Version 17
VisualStudioVersion = 17.12.35527.113 d17.12
MinimumVisualStudioVersion = 10.0.40219.1
Project("{FAE04EC0-301F-11D3-BF4B-00C04F79EFBC}") = "study34", "study34\study34.csproj", "{F383AE2C-E8A5-441B-B26C-5EFE3D9D1458}"
EndProject
Global
	GlobalSection(SolutionConfigurationPlatforms) = preSolution
		Debug|Any CPU = Debug|Any CPU
		Release|Any CPU = Release|Any CPU
	EndGlobalSection
	GlobalSection(ProjectConfigurationPlatforms) = postSolution
		{F383AE2C-E8A5-441B-B26C-5EFE3D9D1458}.Debug|Any CPU.ActiveCfg = Debug|Any CPU
		{F383AE2C-E8A5-441B-B26C-5EFE3D9D1458}.Debug|Any CPU.Build.0 = Debug|Any CPU
		{F383AE2C-E8A5-441B-B26C-5EFE3D9D1458}.Release|Any CPU.ActiveCfg = Release|Any CPU
		{F383AE2C-E8A5-441B-B26C-5EFE3D9D1458}.Release|Any CPU.Build.0 = Release|Any CPU
	EndGlobalSection
	GlobalSection(SolutionProperties) = preSolution
		HideSolutionNode = FALSE
	EndGlobalSection
EndGlobal
